
Microsoft Visual Studio Solution File, Format Version 12.00
Project("{F2A71F9B-5D33-465A-A702-920D77279786}") = "wf.Core", "wf.Core\wf.Core.fsproj", "{91BCE627-DCE4-478A-BDC1-2CEF020084CC}"
EndProject
Project("{F2A71F9B-5D33-465A-A702-920D77279786}") = "wf.Pdf", "wf.Pdf\wf.Pdf.fsproj", "{A1EC7052-3F96-4DD6-88C2-4C1A36CCEC6C}"
EndProject
Project("{F2A71F9B-5D33-465A-A702-920D77279786}") = "word-freq-cli", "cmd\word-freq-cli\word-freq-cli.fsproj", "{BD690FAA-7E3A-4397-941A-EA105855A52F}"
EndProject
Project("{2150E333-8FDC-42A3-9474-1A3956D46DE8}") = "cmd", "cmd", "{24F225FC-EA17-4223-A618-A848CC9512A2}"
EndProject
Global
	GlobalSection(SolutionConfigurationPlatforms) = preSolution
		Debug|Any CPU = Debug|Any CPU
		Release|Any CPU = Release|Any CPU
	EndGlobalSection
	GlobalSection(ProjectConfigurationPlatforms) = postSolution
		{91BCE627-DCE4-478A-BDC1-2CEF020084CC}.Debug|Any CPU.ActiveCfg = Debug|Any CPU
		{91BCE627-DCE4-478A-BDC1-2CEF020084CC}.Debug|Any CPU.Build.0 = Debug|Any CPU
		{91BCE627-DCE4-478A-BDC1-2CEF020084CC}.Release|Any CPU.ActiveCfg = Release|Any CPU
		{91BCE627-DCE4-478A-BDC1-2CEF020084CC}.Release|Any CPU.Build.0 = Release|Any CPU
		{A1EC7052-3F96-4DD6-88C2-4C1A36CCEC6C}.Debug|Any CPU.ActiveCfg = Debug|Any CPU
		{A1EC7052-3F96-4DD6-88C2-4C1A36CCEC6C}.Debug|Any CPU.Build.0 = Debug|Any CPU
		{A1EC7052-3F96-4DD6-88C2-4C1A36CCEC6C}.Release|Any CPU.ActiveCfg = Release|Any CPU
		{A1EC7052-3F96-4DD6-88C2-4C1A36CCEC6C}.Release|Any CPU.Build.0 = Release|Any CPU
		{BD690FAA-7E3A-4397-941A-EA105855A52F}.Debug|Any CPU.ActiveCfg = Debug|Any CPU
		{BD690FAA-7E3A-4397-941A-EA105855A52F}.Debug|Any CPU.Build.0 = Debug|Any CPU
		{BD690FAA-7E3A-4397-941A-EA105855A52F}.Release|Any CPU.ActiveCfg = Release|Any CPU
		{BD690FAA-7E3A-4397-941A-EA105855A52F}.Release|Any CPU.Build.0 = Release|Any CPU
	EndGlobalSection
	GlobalSection(NestedProjects) = preSolution
		{BD690FAA-7E3A-4397-941A-EA105855A52F} = {24F225FC-EA17-4223-A618-A848CC9512A2}
	EndGlobalSection
EndGlobal
